
Microsoft Visual Studio Solution File, Format Version 12.00
# Visual Studio Version 16
VisualStudioVersion = 16.0.810.19
MinimumVisualStudioVersion = 10.0.40219.1
Project("{FAE04EC0-301F-11D3-BF4B-00C04F79EFBC}") = "rewritingmethods", "rewritingmethods.csproj", "{1366CF18-6F59-4B84-BB98-B8C38526A2C9}"
EndProject
Global
	GlobalSection(SolutionConfigurationPlatforms) = preSolution
		Debug|Any CPU = Debug|Any CPU
		Release|Any CPU = Release|Any CPU
	EndGlobalSection
	GlobalSection(ProjectConfigurationPlatforms) = postSolution
		{1366CF18-6F59-4B84-BB98-B8C38526A2C9}.Debug|Any CPU.ActiveCfg = Debug|Any CPU
		{1366CF18-6F59-4B84-BB98-B8C38526A2C9}.Debug|Any CPU.Build.0 = Debug|Any CPU
		{1366CF18-6F59-4B84-BB98-B8C38526A2C9}.Release|Any CPU.ActiveCfg = Release|Any CPU
		{1366CF18-6F59-4B84-BB98-B8C38526A2C9}.Release|Any CPU.Build.0 = Release|Any CPU
	EndGlobalSection
	GlobalSection(SolutionProperties) = preSolution
		HideSolutionNode = FALSE
	EndGlobalSection
	GlobalSection(ExtensibilityGlobals) = postSolution
		SolutionGuid = {3BC09529-0C3D-43C4-8AED-AFF1C1688DD0}
	EndGlobalSection
EndGlobal
